// !$*UTF8*$!
{
	archiveVersion = 1;
	classes = {
	};
	objectVersion = 46;
	objects = {

/* Begin PBXBuildFile section */
		F4F1BB601F982C8E00AF1A94 /* main.m in Sources */ = {isa = PBXBuildFile; fileRef = F4F1BB5F1F982C8E00AF1A94 /* main.m */; };
		F4F1BB631F982C8E00AF1A94 /* AppDelegate.m in Sources */ = {isa = PBXBuildFile; fileRef = F4F1BB621F982C8E00AF1A94 /* AppDelegate.m */; };
		F4F1BB661F982C8E00AF1A94 /* Home.m in Sources */ = {isa = PBXBuildFile; fileRef = F4F1BB651F982C8E00AF1A94 /* Home.m */; };
		F4F1BB691F982C8E00AF1A94 /* Main.storyboard in Resources */ = {isa = PBXBuildFile; fileRef = F4F1BB671F982C8E00AF1A94 /* Main.storyboard */; };
		F4F1BB6C1F982C8E00AF1A94 /* NavigationController.xcdatamodeld in Sources */ = {isa = PBXBuildFile; fileRef = F4F1BB6A1F982C8E00AF1A94 /* NavigationController.xcdatamodeld */; };
		F4F1BB6E1F982C8E00AF1A94 /* Assets.xcassets in Resources */ = {isa = PBXBuildFile; fileRef = F4F1BB6D1F982C8E00AF1A94 /* Assets.xcassets */; };
		F4F1BB711F982C8E00AF1A94 /* LaunchScreen.storyboard in Resources */ = {isa = PBXBuildFile; fileRef = F4F1BB6F1F982C8E00AF1A94 /* LaunchScreen.storyboard */; };
/* End PBXBuildFile section */

/* Begin PBXFileReference section */
		F4F1BB5B1F982C8E00AF1A94 /* NavigationController.app */ = {isa = PBXFileReference; explicitFileType = wrapper.application; includeInIndex = 0; path = NavigationController.app; sourceTree = BUILT_PRODUCTS_DIR; };
		F4F1BB5F1F982C8E00AF1A94 /* main.m */ = {isa = PBXFileReference; lastKnownFileType = sourcecode.c.objc; path = main.m; sourceTree = "<group>"; };
		F4F1BB611F982C8E00AF1A94 /* AppDelegate.h */ = {isa = PBXFileReference; lastKnownFileType = sourcecode.c.h; path = AppDelegate.h; sourceTree = "<group>"; };
		F4F1BB621F982C8E00AF1A94 /* AppDelegate.m */ = {isa = PBXFileReference; lastKnownFileType = sourcecode.c.objc; path = AppDelegate.m; sourceTree = "<group>"; };
		F4F1BB641F982C8E00AF1A94 /* Home.h */ = {isa = PBXFileReference; lastKnownFileType = sourcecode.c.h; path = Home.h; sourceTree = "<group>"; };
		F4F1BB651F982C8E00AF1A94 /* Home.m */ = {isa = PBXFileReference; lastKnownFileType = sourcecode.c.objc; path = Home.m; sourceTree = "<group>"; };
		F4F1BB681F982C8E00AF1A94 /* Base */ = {isa = PBXFileReference; lastKnownFileType = file.storyboard; name = Base; path = Base.lproj/Main.storyboard; sourceTree = "<group>"; };
		F4F1BB6B1F982C8E00AF1A94 /* NavigationController.xcdatamodel */ = {isa = PBXFileReference; lastKnownFileType = wrapper.xcdatamodel; path = NavigationController.xcdatamodel; sourceTree = "<group>"; };
		F4F1BB6D1F982C8E00AF1A94 /* Assets.xcassets */ = {isa = PBXFileReference; lastKnownFileType = folder.assetcatalog; path = Assets.xcassets; sourceTree = "<group>"; };
		F4F1BB701F982C8E00AF1A94 /* Base */ = {isa = PBXFileReference; lastKnownFileType = file.storyboard; name = Base; path = Base.lproj/LaunchScreen.storyboard; sourceTree = "<group>"; };
		F4F1BB721F982C8E00AF1A94 /* Info.plist */ = {isa = PBXFileReference; lastKnownFileType = text.plist.xml; path = Info.plist; sourceTree = "<group>"; };
/* End PBXFileReference section */

/* Begin PBXFrameworksBuildPhase section */
		F4F1BB581F982C8E00AF1A94 /* Frameworks */ = {
			isa = PBXFrameworksBuildPhase;
			buildActionMask = 2147483647;
			files = (
			);
			runOnlyForDeploymentPostprocessing = 0;
		};
/* End PBXFrameworksBuildPhase section */

/* Begin PBXGroup section */
		F4F1BB521F982C8E00AF1A94 = {
			isa = PBXGroup;
			children = (
				F4F1BB5D1F982C8E00AF1A94 /* NavigationController */,
				F4F1BB5C1F982C8E00AF1A94 /* Products */,
			);
			sourceTree = "<group>";
		};
		F4F1BB5C1F982C8E00AF1A94 /* Products */ = {
			isa = PBXGroup;
			children = (
				F4F1BB5B1F982C8E00AF1A94 /* NavigationController.app */,
			);
			name = Products;
			sourceTree = "<group>";
		};
		F4F1BB5D1F982C8E00AF1A94 /* NavigationController */ = {
			isa = PBXGroup;
			children = (
				F4F1BB781F982C9300AF1A94 /* Controllers */,
				F4F1BB791F982C9C00AF1A94 /* Main */,
				F4F1BB671F982C8E00AF1A94 /* Main.storyboard */,
				F4F1BB6D1F982C8E00AF1A94 /* Assets.xcassets */,
				F4F1BB6F1F982C8E00AF1A94 /* LaunchScreen.storyboard */,
				F4F1BB721F982C8E00AF1A94 /* Info.plist */,
				F4F1BB6A1F982C8E00AF1A94 /* NavigationController.xcdatamodeld */,
				F4F1BB5E1F982C8E00AF1A94 /* Supporting Files */,
			);
			path = NavigationController;
			sourceTree = "<group>";
		};
		F4F1BB5E1F982C8E00AF1A94 /* Supporting Files */ = {
			isa = PBXGroup;
			children = (
				F4F1BB5F1F982C8E00AF1A94 /* main.m */,
			);
			name = "Supporting Files";
			sourceTree = "<group>";
		};
		F4F1BB781F982C9300AF1A94 /* Controllers */ = {
			isa = PBXGroup;
			children = (
				F4F1BB641F982C8E00AF1A94 /* Home.h */,
				F4F1BB651F982C8E00AF1A94 /* Home.m */,
			);
			name = Controllers;
			sourceTree = "<group>";
		};
		F4F1BB791F982C9C00AF1A94 /* Main */ = {
			isa = PBXGroup;
			children = (
				F4F1BB621F982C8E00AF1A94 /* AppDelegate.m */,
				F4F1BB611F982C8E00AF1A94 /* AppDelegate.h */,
			);
			name = Main;
			sourceTree = "<group>";
		};
/* End PBXGroup section */

/* Begin PBXNativeTarget section */
		F4F1BB5A1F982C8E00AF1A94 /* NavigationController */ = {
			isa = PBXNativeTarget;
			buildConfigurationList = F4F1BB751F982C8E00AF1A94 /* Build configuration list for PBXNativeTarget "NavigationController" */;
			buildPhases = (
				F4F1BB571F982C8E00AF1A94 /* Sources */,
				F4F1BB581F982C8E00AF1A94 /* Frameworks */,
				F4F1BB591F982C8E00AF1A94 /* Resources */,
			);
			buildRules = (
			);
			dependencies = (
			);
			name = NavigationController;
			productName = NavigationController;
			productReference = F4F1BB5B1F982C8E00AF1A94 /* NavigationController.app */;
			productType = "com.apple.product-type.application";
		};
/* End PBXNativeTarget section */

/* Begin PBXProject section */
		F4F1BB531F982C8E00AF1A94 /* Project object */ = {
			isa = PBXProject;
			attributes = {
				LastUpgradeCheck = 0830;
				ORGANIZATIONNAME = MarcoRoa;
				TargetAttributes = {
					F4F1BB5A1F982C8E00AF1A94 = {
						CreatedOnToolsVersion = 8.3.3;
						ProvisioningStyle = Automatic;
					};
				};
			};
			buildConfigurationList = F4F1BB561F982C8E00AF1A94 /* Build configuration list for PBXProject "NavigationController" */;
			compatibilityVersion = "Xcode 3.2";
			developmentRegion = English;
			hasScannedForEncodings = 0;
			knownRegions = (
				en,
				Base,
			);
			mainGroup = F4F1BB521F982C8E00AF1A94;
			productRefGroup = F4F1BB5C1F982C8E00AF1A94 /* Products */;
			projectDirPath = "";
			projectRoot = "";
			targets = (
				F4F1BB5A1F982C8E00AF1A94 /* NavigationController */,
			);
		};
/* End PBXProject section */

/* Begin PBXResourcesBuildPhase section */
		F4F1BB591F982C8E00AF1A94 /* Resources */ = {
			isa = PBXResourcesBuildPhase;
			buildActionMask = 2147483647;
			files = (
				F4F1BB711F982C8E00AF1A94 /* LaunchScreen.storyboard in Resources */,
				F4F1BB6E1F982C8E00AF1A94 /* Assets.xcassets in Resources */,
				F4F1BB691F982C8E00AF1A94 /* Main.storyboard in Resources */,
			);
			runOnlyForDeploymentPostprocessing = 0;
		};
/* End PBXResourcesBuildPhase section */

/* Begin PBXSourcesBuildPhase section */
		F4F1BB571F982C8E00AF1A94 /* Sources */ = {
			isa = PBXSourcesBuildPhase;
			buildActionMask = 2147483647;
			files = (
				F4F1BB661F982C8E00AF1A94 /* Home.m in Sources */,
				F4F1BB631F982C8E00AF1A94 /* AppDelegate.m in Sources */,
				F4F1BB601F982C8E00AF1A94 /* main.m in Sources */,
				F4F1BB6C1F982C8E00AF1A94 /* NavigationController.xcdatamodeld in Sources */,
			);
			runOnlyForDeploymentPostprocessing = 0;
		};
/* End PBXSourcesBuildPhase section */

/* Begin PBXVariantGroup section */
		F4F1BB671F982C8E00AF1A94 /* Main.storyboard */ = {
			isa = PBXVariantGroup;
			children = (
				F4F1BB681F982C8E00AF1A94 /* Base */,
			);
			name = Main.storyboard;
			sourceTree = "<group>";
		};
		F4F1BB6F1F982C8E00AF1A94 /* LaunchScreen.storyboard */ = {
			isa = PBXVariantGroup;
			children = (
				F4F1BB701F982C8E00AF1A94 /* Base */,
			);
			name = LaunchScreen.storyboard;
			sourceTree = "<group>";
		};
/* End PBXVariantGroup section */

/* Begin XCBuildConfiguration section */
		F4F1BB731F982C8E00AF1A94 /* Debug */ = {
			isa = XCBuildConfiguration;
			buildSettings = {
				ALWAYS_SEARCH_USER_PATHS = NO;
				CLANG_ANALYZER_NONNULL = YES;
				CLANG_ANALYZER_NUMBER_OBJECT_CONVERSION = YES_AGGRESSIVE;
				CLANG_CXX_LANGUAGE_STANDARD = "gnu++0x";
				CLANG_CXX_LIBRARY = "libc++";
				CLANG_ENABLE_MODULES = YES;
				CLANG_ENABLE_OBJC_ARC = YES;
				CLANG_WARN_BOOL_CONVERSION = YES;
				CLANG_WARN_CONSTANT_CONVERSION = YES;
				CLANG_WARN_DIRECT_OBJC_ISA_USAGE = YES_ERROR;
				CLANG_WARN_DOCUMENTATION_COMMENTS = YES;
				CLANG_WARN_EMPTY_BODY = YES;
				CLANG_WARN_ENUM_CONVERSION = YES;
				CLANG_WARN_INFINITE_RECURSION = YES;
				CLANG_WARN_INT_CONVERSION = YES;
				CLANG_WARN_OBJC_ROOT_CLASS = YES_ERROR;
				CLANG_WARN_SUSPICIOUS_MOVE = YES;
				CLANG_WARN_UNREACHABLE_CODE = YES;
				CLANG_WARN__DUPLICATE_METHOD_MATCH = YES;
				"CODE_SIGN_IDENTITY[sdk=iphoneos*]" = "iPhone Developer";
				COPY_PHASE_STRIP = NO;
				DEBUG_INFORMATION_FORMAT = dwarf;
				ENABLE_STRICT_OBJC_MSGSEND = YES;
				ENABLE_TESTABILITY = YES;
				GCC_C_LANGUAGE_STANDARD = gnu99;
				GCC_DYNAMIC_NO_PIC = NO;
				GCC_NO_COMMON_BLOCKS = YES;
				GCC_OPTIMIZATION_LEVEL = 0;
				GCC_PREPROCESSOR_DEFINITIONS = (
					"DEBUG=1",
					"$(inherited)",
				);
				GCC_WARN_64_TO_32_BIT_CONVERSION = YES;
				GCC_WARN_ABOUT_RETURN_TYPE = YES_ERROR;
				GCC_WARN_UNDECLARED_SELECTOR = YES;
				GCC_WARN_UNINITIALIZED_AUTOS = YES_AGGRESSIVE;
				GCC_WARN_UNUSED_FUNCTION = YES;
				GCC_WARN_UNUSED_VARIABLE = YES;
				IPHONEOS_DEPLOYMENT_TARGET = 10.3;
				MTL_ENABLE_DEBUG_INFO = YES;
				ONLY_ACTIVE_ARCH = YES;
				SDKROOT = iphoneos;
			};
			name = Debug;
		};
		F4F1BB741F982C8E00AF1A94 /* Release */ = {
			isa = XCBuildConfiguration;
			buildSettings = {
				ALWAYS_SEARCH_USER_PATHS = NO;
				CLANG_ANALYZER_NONNULL = YES;
				CLANG_ANALYZER_NUMBER_OBJECT_CONVERSION = YES_AGGRESSIVE;
				CLANG_CXX_LANGUAGE_STANDARD = "gnu++0x";
				CLANG_CXX_LIBRARY = "libc++";
				CLANG_ENABLE_MODULES = YES;
				CLANG_ENABLE_OBJC_ARC = YES;
				CLANG_WARN_BOOL_CONVERSION = YES;
				CLANG_WARN_CONSTANT_CONVERSION = YES;
				CLANG_WARN_DIRECT_OBJC_ISA_USAGE = YES_ERROR;
				CLANG_WARN_DOCUMENTATION_COMMENTS = YES;
				CLANG_WARN_EMPTY_BODY = YES;
				CLANG_WARN_ENUM_CONVERSION = YES;
				CLANG_WARN_INFINITE_RECURSION = YES;
				CLANG_WARN_INT_CONVERSION = YES;
				CLANG_WARN_OBJC_ROOT_CLASS = YES_ERROR;
				CLANG_WARN_SUSPICIOUS_MOVE = YES;
				CLANG_WARN_UNREACHABLE_CODE = YES;
				CLANG_WARN__DUPLICATE_METHOD_MATCH = YES;
				"CODE_SIGN_IDENTITY[sdk=iphoneos*]" = "iPhone Developer";
				COPY_PHASE_STRIP = NO;
				DEBUG_INFORMATION_FORMAT = "dwarf-with-dsym";
				ENABLE_NS_ASSERTIONS = NO;
				ENABLE_STRICT_OBJC_MSGSEND = YES;
				GCC_C_LANGUAGE_STANDARD = gnu99;
				GCC_NO_COMMON_BLOCKS = YES;
				GCC_WARN_64_TO_32_BIT_CONVERSION = YES;
				GCC_WARN_ABOUT_RETURN_TYPE = YES_ERROR;
				GCC_WARN_UNDECLARED_SELECTOR = YES;
				GCC_WARN_UNINITIALIZED_AUTOS = YES_AGGRESSIVE;
				GCC_WARN_UNUSED_FUNCTION = YES;
				GCC_WARN_UNUSED_VARIABLE = YES;
				IPHONEOS_DEPLOYMENT_TARGET = 10.3;
				MTL_ENABLE_DEBUG_INFO = NO;
				SDKROOT = iphoneos;
				VALIDATE_PRODUCT = YES;
			};
			name = Release;
		};
		F4F1BB761F982C8E00AF1A94 /* Debug */ = {
			isa = XCBuildConfiguration;
			buildSettings = {
				ASSETCATALOG_COMPILER_APPICON_NAME = AppIcon;
				INFOPLIST_FILE = NavigationController/Info.plist;
				LD_RUNPATH_SEARCH_PATHS = "$(inherited) @executable_path/Frameworks";
				PRODUCT_BUNDLE_IDENTIFIER = com.mroa.NavigationController;
				PRODUCT_NAME = "$(TARGET_NAME)";
			};
			name = Debug;
		};
		F4F1BB771F982C8E00AF1A94 /* Release */ = {
			isa = XCBuildConfiguration;
			buildSettings = {
				ASSETCATALOG_COMPILER_APPICON_NAME = AppIcon;
				INFOPLIST_FILE = NavigationController/Info.plist;
				LD_RUNPATH_SEARCH_PATHS = "$(inherited) @executable_path/Frameworks";
				PRODUCT_BUNDLE_IDENTIFIER = com.mroa.NavigationController;
				PRODUCT_NAME = "$(TARGET_NAME)";
			};
			name = Release;
		};
/* End XCBuildConfiguration section */

/* Begin XCConfigurationList section */
		F4F1BB561F982C8E00AF1A94 /* Build configuration list for PBXProject "NavigationController" */ = {
			isa = XCConfigurationList;
			buildConfigurations = (
				F4F1BB731F982C8E00AF1A94 /* Debug */,
				F4F1BB741F982C8E00AF1A94 /* Release */,
			);
			defaultConfigurationIsVisible = 0;
			defaultConfigurationName = Release;
		};
		F4F1BB751F982C8E00AF1A94 /* Build configuration list for PBXNativeTarget "NavigationController" */ = {
			isa = XCConfigurationList;
			buildConfigurations = (
				F4F1BB761F982C8E00AF1A94 /* Debug */,
				F4F1BB771F982C8E00AF1A94 /* Release */,
			);
			defaultConfigurationIsVisible = 0;
		};
/* End XCConfigurationList section */

/* Begin XCVersionGroup section */
		F4F1BB6A1F982C8E00AF1A94 /* NavigationController.xcdatamodeld */ = {
			isa = XCVersionGroup;
			children = (
				F4F1BB6B1F982C8E00AF1A94 /* NavigationController.xcdatamodel */,
			);
			currentVersion = F4F1BB6B1F982C8E00AF1A94 /* NavigationController.xcdatamodel */;
			path = NavigationController.xcdatamodeld;
			sourceTree = "<group>";
			versionGroupType = wrapper.xcdatamodel;
		};
/* End XCVersionGroup section */
	};
	rootObject = F4F1BB531F982C8E00AF1A94 /* Project object */;
}
